// !$*UTF8*$!
{
	archiveVersion = 1;
	classes = {
	};
	objectVersion = 50;
	objects = {

/* Begin PBXBuildFile section */
		59675AC423C6584200BE0B17 /* AppDelegate.swift in Sources */ = {isa = PBXBuildFile; fileRef = 59675AC323C6584200BE0B17 /* AppDelegate.swift */; };
		59675AC623C6584200BE0B17 /* SceneDelegate.swift in Sources */ = {isa = PBXBuildFile; fileRef = 59675AC523C6584200BE0B17 /* SceneDelegate.swift */; };
		59675ACB23C6584200BE0B17 /* Main.storyboard in Resources */ = {isa = PBXBuildFile; fileRef = 59675AC923C6584200BE0B17 /* Main.storyboard */; };
		59675ACD23C6584200BE0B17 /* Assets.xcassets in Resources */ = {isa = PBXBuildFile; fileRef = 59675ACC23C6584200BE0B17 /* Assets.xcassets */; };
		59675ADB23C6584200BE0B17 /* InternetAppTests.swift in Sources */ = {isa = PBXBuildFile; fileRef = 59675ADA23C6584200BE0B17 /* InternetAppTests.swift */; };
		59675AE623C6584300BE0B17 /* InternetAppUITests.swift in Sources */ = {isa = PBXBuildFile; fileRef = 59675AE523C6584300BE0B17 /* InternetAppUITests.swift */; };
/* End PBXBuildFile section */

/* Begin PBXContainerItemProxy section */
		59675AD723C6584200BE0B17 /* PBXContainerItemProxy */ = {
			isa = PBXContainerItemProxy;
			containerPortal = 59675AB823C6584200BE0B17 /* Project object */;
			proxyType = 1;
			remoteGlobalIDString = 59675ABF23C6584200BE0B17;
			remoteInfo = InternetApp;
		};
		59675AE223C6584300BE0B17 /* PBXContainerItemProxy */ = {
			isa = PBXContainerItemProxy;
			containerPortal = 59675AB823C6584200BE0B17 /* Project object */;
			proxyType = 1;
			remoteGlobalIDString = 59675ABF23C6584200BE0B17;
			remoteInfo = InternetApp;
		};
/* End PBXContainerItemProxy section */

/* Begin PBXFileReference section */
		59675AC023C6584200BE0B17 /* InternetApp.app */ = {isa = PBXFileReference; explicitFileType = wrapper.application; includeInIndex = 0; path = InternetApp.app; sourceTree = BUILT_PRODUCTS_DIR; };
		59675AC323C6584200BE0B17 /* AppDelegate.swift */ = {isa = PBXFileReference; lastKnownFileType = sourcecode.swift; path = AppDelegate.swift; sourceTree = "<group>"; };
		59675AC523C6584200BE0B17 /* SceneDelegate.swift */ = {isa = PBXFileReference; lastKnownFileType = sourcecode.swift; path = SceneDelegate.swift; sourceTree = "<group>"; };
		59675ACA23C6584200BE0B17 /* Base */ = {isa = PBXFileReference; lastKnownFileType = file.storyboard; name = Base; path = Base.lproj/Main.storyboard; sourceTree = "<group>"; };
		59675ACC23C6584200BE0B17 /* Assets.xcassets */ = {isa = PBXFileReference; lastKnownFileType = folder.assetcatalog; path = Assets.xcassets; sourceTree = "<group>"; };
		59675AD123C6584200BE0B17 /* Info.plist */ = {isa = PBXFileReference; lastKnownFileType = text.plist.xml; path = Info.plist; sourceTree = "<group>"; };
		59675AD623C6584200BE0B17 /* InternetAppTests.xctest */ = {isa = PBXFileReference; explicitFileType = wrapper.cfbundle; includeInIndex = 0; path = InternetAppTests.xctest; sourceTree = BUILT_PRODUCTS_DIR; };
		59675ADA23C6584200BE0B17 /* InternetAppTests.swift */ = {isa = PBXFileReference; lastKnownFileType = sourcecode.swift; path = InternetAppTests.swift; sourceTree = "<group>"; };
		59675ADC23C6584200BE0B17 /* Info.plist */ = {isa = PBXFileReference; lastKnownFileType = text.plist.xml; path = Info.plist; sourceTree = "<group>"; };
		59675AE123C6584300BE0B17 /* InternetAppUITests.xctest */ = {isa = PBXFileReference; explicitFileType = wrapper.cfbundle; includeInIndex = 0; path = InternetAppUITests.xctest; sourceTree = BUILT_PRODUCTS_DIR; };
		59675AE523C6584300BE0B17 /* InternetAppUITests.swift */ = {isa = PBXFileReference; lastKnownFileType = sourcecode.swift; path = InternetAppUITests.swift; sourceTree = "<group>"; };
		59675AE723C6584300BE0B17 /* Info.plist */ = {isa = PBXFileReference; lastKnownFileType = text.plist.xml; path = Info.plist; sourceTree = "<group>"; };
/* End PBXFileReference section */

/* Begin PBXFrameworksBuildPhase section */
		59675ABD23C6584200BE0B17 /* Frameworks */ = {
			isa = PBXFrameworksBuildPhase;
			buildActionMask = 2147483647;
			files = (
			);
			runOnlyForDeploymentPostprocessing = 0;
		};
		59675AD323C6584200BE0B17 /* Frameworks */ = {
			isa = PBXFrameworksBuildPhase;
			buildActionMask = 2147483647;
			files = (
			);
			runOnlyForDeploymentPostprocessing = 0;
		};
		59675ADE23C6584300BE0B17 /* Frameworks */ = {
			isa = PBXFrameworksBuildPhase;
			buildActionMask = 2147483647;
			files = (
			);
			runOnlyForDeploymentPostprocessing = 0;
		};
/* End PBXFrameworksBuildPhase section */

/* Begin PBXGroup section */
		59675AB723C6584200BE0B17 = {
			isa = PBXGroup;
			children = (
				59675AC223C6584200BE0B17 /* InternetApp */,
				59675AD923C6584200BE0B17 /* InternetAppTests */,
				59675AE423C6584300BE0B17 /* InternetAppUITests */,
				59675AC123C6584200BE0B17 /* Products */,
			);
			sourceTree = "<group>";
		};
		59675AC123C6584200BE0B17 /* Products */ = {
			isa = PBXGroup;
			children = (
				59675AC023C6584200BE0B17 /* InternetApp.app */,
				59675AD623C6584200BE0B17 /* InternetAppTests.xctest */,
				59675AE123C6584300BE0B17 /* InternetAppUITests.xctest */,
			);
			name = Products;
			sourceTree = "<group>";
		};
		59675AC223C6584200BE0B17 /* InternetApp */ = {
			isa = PBXGroup;
			children = (
				59675AF523C6588200BE0B17 /* View */,
				59675AF423C6587B00BE0B17 /* Controller */,
				59675AF323C6587200BE0B17 /* Resources */,
			);
			path = InternetApp;
			sourceTree = "<group>";
		};
		59675AD923C6584200BE0B17 /* InternetAppTests */ = {
			isa = PBXGroup;
			children = (
				59675ADA23C6584200BE0B17 /* InternetAppTests.swift */,
				59675ADC23C6584200BE0B17 /* Info.plist */,
			);
			path = InternetAppTests;
			sourceTree = "<group>";
		};
		59675AE423C6584300BE0B17 /* InternetAppUITests */ = {
			isa = PBXGroup;
			children = (
				59675AE523C6584300BE0B17 /* InternetAppUITests.swift */,
				59675AE723C6584300BE0B17 /* Info.plist */,
			);
			path = InternetAppUITests;
			sourceTree = "<group>";
		};
		59675AF323C6587200BE0B17 /* Resources */ = {
			isa = PBXGroup;
			children = (
				59675AC323C6584200BE0B17 /* AppDelegate.swift */,
				59675AC523C6584200BE0B17 /* SceneDelegate.swift */,
				59675ACC23C6584200BE0B17 /* Assets.xcassets */,
				59675AD123C6584200BE0B17 /* Info.plist */,
			);
			path = Resources;
			sourceTree = "<group>";
		};
		59675AF423C6587B00BE0B17 /* Controller */ = {
			isa = PBXGroup;
			children = (
			);
			path = Controller;
			sourceTree = "<group>";
		};
		59675AF523C6588200BE0B17 /* View */ = {
			isa = PBXGroup;
			children = (
				59675AC923C6584200BE0B17 /* Main.storyboard */,
			);
			path = View;
			sourceTree = "<group>";
		};
/* End PBXGroup section */

/* Begin PBXNativeTarget section */
		59675ABF23C6584200BE0B17 /* InternetApp */ = {
			isa = PBXNativeTarget;
			buildConfigurationList = 59675AEA23C6584300BE0B17 /* Build configuration list for PBXNativeTarget "InternetApp" */;
			buildPhases = (
				59675ABC23C6584200BE0B17 /* Sources */,
				59675ABD23C6584200BE0B17 /* Frameworks */,
				59675ABE23C6584200BE0B17 /* Resources */,
			);
			buildRules = (
			);
			dependencies = (
			);
			name = InternetApp;
			productName = InternetApp;
			productReference = 59675AC023C6584200BE0B17 /* InternetApp.app */;
			productType = "com.apple.product-type.application";
		};
		59675AD523C6584200BE0B17 /* InternetAppTests */ = {
			isa = PBXNativeTarget;
			buildConfigurationList = 59675AED23C6584300BE0B17 /* Build configuration list for PBXNativeTarget "InternetAppTests" */;
			buildPhases = (
				59675AD223C6584200BE0B17 /* Sources */,
				59675AD323C6584200BE0B17 /* Frameworks */,
				59675AD423C6584200BE0B17 /* Resources */,
			);
			buildRules = (
			);
			dependencies = (
				59675AD823C6584200BE0B17 /* PBXTargetDependency */,
			);
			name = InternetAppTests;
			productName = InternetAppTests;
			productReference = 59675AD623C6584200BE0B17 /* InternetAppTests.xctest */;
			productType = "com.apple.product-type.bundle.unit-test";
		};
		59675AE023C6584300BE0B17 /* InternetAppUITests */ = {
			isa = PBXNativeTarget;
			buildConfigurationList = 59675AF023C6584300BE0B17 /* Build configuration list for PBXNativeTarget "InternetAppUITests" */;
			buildPhases = (
				59675ADD23C6584300BE0B17 /* Sources */,
				59675ADE23C6584300BE0B17 /* Frameworks */,
				59675ADF23C6584300BE0B17 /* Resources */,
			);
			buildRules = (
			);
			dependencies = (
				59675AE323C6584300BE0B17 /* PBXTargetDependency */,
			);
			name = InternetAppUITests;
			productName = InternetAppUITests;
			productReference = 59675AE123C6584300BE0B17 /* InternetAppUITests.xctest */;
			productType = "com.apple.product-type.bundle.ui-testing";
		};
/* End PBXNativeTarget section */

/* Begin PBXProject section */
		59675AB823C6584200BE0B17 /* Project object */ = {
			isa = PBXProject;
			attributes = {
				LastSwiftUpdateCheck = 1120;
				LastUpgradeCheck = 1120;
				ORGANIZATIONNAME = "Faerber, Benjamin";
				TargetAttributes = {
					59675ABF23C6584200BE0B17 = {
						CreatedOnToolsVersion = 11.2.1;
					};
					59675AD523C6584200BE0B17 = {
						CreatedOnToolsVersion = 11.2.1;
						TestTargetID = 59675ABF23C6584200BE0B17;
					};
					59675AE023C6584300BE0B17 = {
						CreatedOnToolsVersion = 11.2.1;
						TestTargetID = 59675ABF23C6584200BE0B17;
					};
				};
			};
			buildConfigurationList = 59675ABB23C6584200BE0B17 /* Build configuration list for PBXProject "InternetApp" */;
			compatibilityVersion = "Xcode 9.3";
			developmentRegion = en;
			hasScannedForEncodings = 0;
			knownRegions = (
				en,
				Base,
			);
			mainGroup = 59675AB723C6584200BE0B17;
			productRefGroup = 59675AC123C6584200BE0B17 /* Products */;
			projectDirPath = "";
			projectRoot = "";
			targets = (
				59675ABF23C6584200BE0B17 /* InternetApp */,
				59675AD523C6584200BE0B17 /* InternetAppTests */,
				59675AE023C6584300BE0B17 /* InternetAppUITests */,
			);
		};
/* End PBXProject section */

/* Begin PBXResourcesBuildPhase section */
		59675ABE23C6584200BE0B17 /* Resources */ = {
			isa = PBXResourcesBuildPhase;
			buildActionMask = 2147483647;
			files = (
				59675ACD23C6584200BE0B17 /* Assets.xcassets in Resources */,
				59675ACB23C6584200BE0B17 /* Main.storyboard in Resources */,
			);
			runOnlyForDeploymentPostprocessing = 0;
		};
		59675AD423C6584200BE0B17 /* Resources */ = {
			isa = PBXResourcesBuildPhase;
			buildActionMask = 2147483647;
			files = (
			);
			runOnlyForDeploymentPostprocessing = 0;
		};
		59675ADF23C6584300BE0B17 /* Resources */ = {
			isa = PBXResourcesBuildPhase;
			buildActionMask = 2147483647;
			files = (
			);
			runOnlyForDeploymentPostprocessing = 0;
		};
/* End PBXResourcesBuildPhase section */

/* Begin PBXSourcesBuildPhase section */
		59675ABC23C6584200BE0B17 /* Sources */ = {
			isa = PBXSourcesBuildPhase;
			buildActionMask = 2147483647;
			files = (
				59675AC423C6584200BE0B17 /* AppDelegate.swift in Sources */,
				59675AC623C6584200BE0B17 /* SceneDelegate.swift in Sources */,
			);
			runOnlyForDeploymentPostprocessing = 0;
		};
		59675AD223C6584200BE0B17 /* Sources */ = {
			isa = PBXSourcesBuildPhase;
			buildActionMask = 2147483647;
			files = (
				59675ADB23C6584200BE0B17 /* InternetAppTests.swift in Sources */,
			);
			runOnlyForDeploymentPostprocessing = 0;
		};
		59675ADD23C6584300BE0B17 /* Sources */ = {
			isa = PBXSourcesBuildPhase;
			buildActionMask = 2147483647;
			files = (
				59675AE623C6584300BE0B17 /* InternetAppUITests.swift in Sources */,
			);
			runOnlyForDeploymentPostprocessing = 0;
		};
/* End PBXSourcesBuildPhase section */

/* Begin PBXTargetDependency section */
		59675AD823C6584200BE0B17 /* PBXTargetDependency */ = {
			isa = PBXTargetDependency;
			target = 59675ABF23C6584200BE0B17 /* InternetApp */;
			targetProxy = 59675AD723C6584200BE0B17 /* PBXContainerItemProxy */;
		};
		59675AE323C6584300BE0B17 /* PBXTargetDependency */ = {
			isa = PBXTargetDependency;
			target = 59675ABF23C6584200BE0B17 /* InternetApp */;
			targetProxy = 59675AE223C6584300BE0B17 /* PBXContainerItemProxy */;
		};
/* End PBXTargetDependency section */

/* Begin PBXVariantGroup section */
		59675AC923C6584200BE0B17 /* Main.storyboard */ = {
			isa = PBXVariantGroup;
			children = (
				59675ACA23C6584200BE0B17 /* Base */,
			);
			name = Main.storyboard;
			sourceTree = "<group>";
		};
/* End PBXVariantGroup section */

/* Begin XCBuildConfiguration section */
		59675AE823C6584300BE0B17 /* Debug */ = {
			isa = XCBuildConfiguration;
			buildSettings = {
				ALWAYS_SEARCH_USER_PATHS = NO;
				CLANG_ANALYZER_NONNULL = YES;
				CLANG_ANALYZER_NUMBER_OBJECT_CONVERSION = YES_AGGRESSIVE;
				CLANG_CXX_LANGUAGE_STANDARD = "gnu++14";
				CLANG_CXX_LIBRARY = "libc++";
				CLANG_ENABLE_MODULES = YES;
				CLANG_ENABLE_OBJC_ARC = YES;
				CLANG_ENABLE_OBJC_WEAK = YES;
				CLANG_WARN_BLOCK_CAPTURE_AUTORELEASING = YES;
				CLANG_WARN_BOOL_CONVERSION = YES;
				CLANG_WARN_COMMA = YES;
				CLANG_WARN_CONSTANT_CONVERSION = YES;
				CLANG_WARN_DEPRECATED_OBJC_IMPLEMENTATIONS = YES;
				CLANG_WARN_DIRECT_OBJC_ISA_USAGE = YES_ERROR;
				CLANG_WARN_DOCUMENTATION_COMMENTS = YES;
				CLANG_WARN_EMPTY_BODY = YES;
				CLANG_WARN_ENUM_CONVERSION = YES;
				CLANG_WARN_INFINITE_RECURSION = YES;
				CLANG_WARN_INT_CONVERSION = YES;
				CLANG_WARN_NON_LITERAL_NULL_CONVERSION = YES;
				CLANG_WARN_OBJC_IMPLICIT_RETAIN_SELF = YES;
				CLANG_WARN_OBJC_LITERAL_CONVERSION = YES;
				CLANG_WARN_OBJC_ROOT_CLASS = YES_ERROR;
				CLANG_WARN_RANGE_LOOP_ANALYSIS = YES;
				CLANG_WARN_STRICT_PROTOTYPES = YES;
				CLANG_WARN_SUSPICIOUS_MOVE = YES;
				CLANG_WARN_UNGUARDED_AVAILABILITY = YES_AGGRESSIVE;
				CLANG_WARN_UNREACHABLE_CODE = YES;
				CLANG_WARN__DUPLICATE_METHOD_MATCH = YES;
				COPY_PHASE_STRIP = NO;
				DEBUG_INFORMATION_FORMAT = dwarf;
				ENABLE_STRICT_OBJC_MSGSEND = YES;
				ENABLE_TESTABILITY = YES;
				GCC_C_LANGUAGE_STANDARD = gnu11;
				GCC_DYNAMIC_NO_PIC = NO;
				GCC_NO_COMMON_BLOCKS = YES;
				GCC_OPTIMIZATION_LEVEL = 0;
				GCC_PREPROCESSOR_DEFINITIONS = (
					"DEBUG=1",
					"$(inherited)",
				);
				GCC_WARN_64_TO_32_BIT_CONVERSION = YES;
				GCC_WARN_ABOUT_RETURN_TYPE = YES_ERROR;
				GCC_WARN_UNDECLARED_SELECTOR = YES;
				GCC_WARN_UNINITIALIZED_AUTOS = YES_AGGRESSIVE;
				GCC_WARN_UNUSED_FUNCTION = YES;
				GCC_WARN_UNUSED_VARIABLE = YES;
				IPHONEOS_DEPLOYMENT_TARGET = 13.2;
				MTL_ENABLE_DEBUG_INFO = INCLUDE_SOURCE;
				MTL_FAST_MATH = YES;
				ONLY_ACTIVE_ARCH = YES;
				SDKROOT = iphoneos;
				SWIFT_ACTIVE_COMPILATION_CONDITIONS = DEBUG;
				SWIFT_OPTIMIZATION_LEVEL = "-Onone";
			};
			name = Debug;
		};
		59675AE923C6584300BE0B17 /* Release */ = {
			isa = XCBuildConfiguration;
			buildSettings = {
				ALWAYS_SEARCH_USER_PATHS = NO;
				CLANG_ANALYZER_NONNULL = YES;
				CLANG_ANALYZER_NUMBER_OBJECT_CONVERSION = YES_AGGRESSIVE;
				CLANG_CXX_LANGUAGE_STANDARD = "gnu++14";
				CLANG_CXX_LIBRARY = "libc++";
				CLANG_ENABLE_MODULES = YES;
				CLANG_ENABLE_OBJC_ARC = YES;
				CLANG_ENABLE_OBJC_WEAK = YES;
				CLANG_WARN_BLOCK_CAPTURE_AUTORELEASING = YES;
				CLANG_WARN_BOOL_CONVERSION = YES;
				CLANG_WARN_COMMA = YES;
				CLANG_WARN_CONSTANT_CONVERSION = YES;
				CLANG_WARN_DEPRECATED_OBJC_IMPLEMENTATIONS = YES;
				CLANG_WARN_DIRECT_OBJC_ISA_USAGE = YES_ERROR;
				CLANG_WARN_DOCUMENTATION_COMMENTS = YES;
				CLANG_WARN_EMPTY_BODY = YES;
				CLANG_WARN_ENUM_CONVERSION = YES;
				CLANG_WARN_INFINITE_RECURSION = YES;
				CLANG_WARN_INT_CONVERSION = YES;
				CLANG_WARN_NON_LITERAL_NULL_CONVERSION = YES;
				CLANG_WARN_OBJC_IMPLICIT_RETAIN_SELF = YES;
				CLANG_WARN_OBJC_LITERAL_CONVERSION = YES;
				CLANG_WARN_OBJC_ROOT_CLASS = YES_ERROR;
				CLANG_WARN_RANGE_LOOP_ANALYSIS = YES;
				CLANG_WARN_STRICT_PROTOTYPES = YES;
				CLANG_WARN_SUSPICIOUS_MOVE = YES;
				CLANG_WARN_UNGUARDED_AVAILABILITY = YES_AGGRESSIVE;
				CLANG_WARN_UNREACHABLE_CODE = YES;
				CLANG_WARN__DUPLICATE_METHOD_MATCH = YES;
				COPY_PHASE_STRIP = NO;
				DEBUG_INFORMATION_FORMAT = "dwarf-with-dsym";
				ENABLE_NS_ASSERTIONS = NO;
				ENABLE_STRICT_OBJC_MSGSEND = YES;
				GCC_C_LANGUAGE_STANDARD = gnu11;
				GCC_NO_COMMON_BLOCKS = YES;
				GCC_WARN_64_TO_32_BIT_CONVERSION = YES;
				GCC_WARN_ABOUT_RETURN_TYPE = YES_ERROR;
				GCC_WARN_UNDECLARED_SELECTOR = YES;
				GCC_WARN_UNINITIALIZED_AUTOS = YES_AGGRESSIVE;
				GCC_WARN_UNUSED_FUNCTION = YES;
				GCC_WARN_UNUSED_VARIABLE = YES;
				IPHONEOS_DEPLOYMENT_TARGET = 13.2;
				MTL_ENABLE_DEBUG_INFO = NO;
				MTL_FAST_MATH = YES;
				SDKROOT = iphoneos;
				SWIFT_COMPILATION_MODE = wholemodule;
				SWIFT_OPTIMIZATION_LEVEL = "-O";
				VALIDATE_PRODUCT = YES;
			};
			name = Release;
		};
		59675AEB23C6584300BE0B17 /* Debug */ = {
			isa = XCBuildConfiguration;
			buildSettings = {
				ASSETCATALOG_COMPILER_APPICON_NAME = AppIcon;
				CODE_SIGN_STYLE = Automatic;
				INFOPLIST_FILE = InternetApp/Resources/Info.plist;
				LD_RUNPATH_SEARCH_PATHS = (
					"$(inherited)",
					"@executable_path/Frameworks",
				);
				PRODUCT_BUNDLE_IDENTIFIER = CTEC.InternetApp;
				PRODUCT_NAME = "$(TARGET_NAME)";
				SWIFT_VERSION = 5.0;
				TARGETED_DEVICE_FAMILY = "1,2";
			};
			name = Debug;
		};
		59675AEC23C6584300BE0B17 /* Release */ = {
			isa = XCBuildConfiguration;
			buildSettings = {
				ASSETCATALOG_COMPILER_APPICON_NAME = AppIcon;
				CODE_SIGN_STYLE = Automatic;
				INFOPLIST_FILE = InternetApp/Resources/Info.plist;
				LD_RUNPATH_SEARCH_PATHS = (
					"$(inherited)",
					"@executable_path/Frameworks",
				);
				PRODUCT_BUNDLE_IDENTIFIER = CTEC.InternetApp;
				PRODUCT_NAME = "$(TARGET_NAME)";
				SWIFT_VERSION = 5.0;
				TARGETED_DEVICE_FAMILY = "1,2";
			};
			name = Release;
		};
		59675AEE23C6584300BE0B17 /* Debug */ = {
			isa = XCBuildConfiguration;
			buildSettings = {
				ALWAYS_EMBED_SWIFT_STANDARD_LIBRARIES = YES;
				BUNDLE_LOADER = "$(TEST_HOST)";
				CODE_SIGN_STYLE = Automatic;
				INFOPLIST_FILE = InternetAppTests/Info.plist;
				IPHONEOS_DEPLOYMENT_TARGET = 13.2;
				LD_RUNPATH_SEARCH_PATHS = (
					"$(inherited)",
					"@executable_path/Frameworks",
					"@loader_path/Frameworks",
				);
				PRODUCT_BUNDLE_IDENTIFIER = CTEC.InternetAppTests;
				PRODUCT_NAME = "$(TARGET_NAME)";
				SWIFT_VERSION = 5.0;
				TARGETED_DEVICE_FAMILY = "1,2";
				TEST_HOST = "$(BUILT_PRODUCTS_DIR)/InternetApp.app/InternetApp";
			};
			name = Debug;
		};
		59675AEF23C6584300BE0B17 /* Release */ = {
			isa = XCBuildConfiguration;
			buildSettings = {
				ALWAYS_EMBED_SWIFT_STANDARD_LIBRARIES = YES;
				BUNDLE_LOADER = "$(TEST_HOST)";
				CODE_SIGN_STYLE = Automatic;
				INFOPLIST_FILE = InternetAppTests/Info.plist;
				IPHONEOS_DEPLOYMENT_TARGET = 13.2;
				LD_RUNPATH_SEARCH_PATHS = (
					"$(inherited)",
					"@executable_path/Frameworks",
					"@loader_path/Frameworks",
				);
				PRODUCT_BUNDLE_IDENTIFIER = CTEC.InternetAppTests;
				PRODUCT_NAME = "$(TARGET_NAME)";
				SWIFT_VERSION = 5.0;
				TARGETED_DEVICE_FAMILY = "1,2";
				TEST_HOST = "$(BUILT_PRODUCTS_DIR)/InternetApp.app/InternetApp";
			};
			name = Release;
		};
		59675AF123C6584300BE0B17 /* Debug */ = {
			isa = XCBuildConfiguration;
			buildSettings = {
				ALWAYS_EMBED_SWIFT_STANDARD_LIBRARIES = YES;
				CODE_SIGN_STYLE = Automatic;
				INFOPLIST_FILE = InternetAppUITests/Info.plist;
				LD_RUNPATH_SEARCH_PATHS = (
					"$(inherited)",
					"@executable_path/Frameworks",
					"@loader_path/Frameworks",
				);
				PRODUCT_BUNDLE_IDENTIFIER = CTEC.InternetAppUITests;
				PRODUCT_NAME = "$(TARGET_NAME)";
				SWIFT_VERSION = 5.0;
				TARGETED_DEVICE_FAMILY = "1,2";
				TEST_TARGET_NAME = InternetApp;
			};
			name = Debug;
		};
		59675AF223C6584300BE0B17 /* Release */ = {
			isa = XCBuildConfiguration;
			buildSettings = {
				ALWAYS_EMBED_SWIFT_STANDARD_LIBRARIES = YES;
				CODE_SIGN_STYLE = Automatic;
				INFOPLIST_FILE = InternetAppUITests/Info.plist;
				LD_RUNPATH_SEARCH_PATHS = (
					"$(inherited)",
					"@executable_path/Frameworks",
					"@loader_path/Frameworks",
				);
				PRODUCT_BUNDLE_IDENTIFIER = CTEC.InternetAppUITests;
				PRODUCT_NAME = "$(TARGET_NAME)";
				SWIFT_VERSION = 5.0;
				TARGETED_DEVICE_FAMILY = "1,2";
				TEST_TARGET_NAME = InternetApp;
			};
			name = Release;
		};
/* End XCBuildConfiguration section */

/* Begin XCConfigurationList section */
		59675ABB23C6584200BE0B17 /* Build configuration list for PBXProject "InternetApp" */ = {
			isa = XCConfigurationList;
			buildConfigurations = (
				59675AE823C6584300BE0B17 /* Debug */,
				59675AE923C6584300BE0B17 /* Release */,
			);
			defaultConfigurationIsVisible = 0;
			defaultConfigurationName = Release;
		};
		59675AEA23C6584300BE0B17 /* Build configuration list for PBXNativeTarget "InternetApp" */ = {
			isa = XCConfigurationList;
			buildConfigurations = (
				59675AEB23C6584300BE0B17 /* Debug */,
				59675AEC23C6584300BE0B17 /* Release */,
			);
			defaultConfigurationIsVisible = 0;
			defaultConfigurationName = Release;
		};
		59675AED23C6584300BE0B17 /* Build configuration list for PBXNativeTarget "InternetAppTests" */ = {
			isa = XCConfigurationList;
			buildConfigurations = (
				59675AEE23C6584300BE0B17 /* Debug */,
				59675AEF23C6584300BE0B17 /* Release */,
			);
			defaultConfigurationIsVisible = 0;
			defaultConfigurationName = Release;
		};
		59675AF023C6584300BE0B17 /* Build configuration list for PBXNativeTarget "InternetAppUITests" */ = {
			isa = XCConfigurationList;
			buildConfigurations = (
				59675AF123C6584300BE0B17 /* Debug */,
				59675AF223C6584300BE0B17 /* Release */,
			);
			defaultConfigurationIsVisible = 0;
			defaultConfigurationName = Release;
		};
/* End XCConfigurationList section */
	};
	rootObject = 59675AB823C6584200BE0B17 /* Project object */;
}
